
Microsoft Visual Studio Solution File, Format Version 12.00
# Visual Studio Version 16
VisualStudioVersion = 16.0.30104.148
MinimumVisualStudioVersion = 10.0.40219.1
Project("{9A19103F-16F7-4668-BE54-9A1E7A4F7556}") = "ScsmClient", "source\ScsmClient\ScsmClient.csproj", "{5A3E2987-8407-4D66-8AAF-FE1C209290DB}"
EndProject
Project("{9A19103F-16F7-4668-BE54-9A1E7A4F7556}") = "ScsmClient.SharedModels", "source\ScsmClient.SharedModels\ScsmClient.SharedModels.csproj", "{40202038-DE19-49B5-BE4A-DF598A9CC6E5}"
EndProject
Project("{9A19103F-16F7-4668-BE54-9A1E7A4F7556}") = "_build", "build\_build.csproj", "{591F86BA-889B-4BDF-AAF1-6D2BEBFAB1B0}"
EndProject
Project("{FAE04EC0-301F-11D3-BF4B-00C04F79EFBC}") = "ConsoleTest", "ConsoleTest\ConsoleTest.csproj", "{158D2697-6EC5-4379-8A75-74CE6C07DEFB}"
EndProject
Global
	GlobalSection(SolutionConfigurationPlatforms) = preSolution
		Debug|Any CPU = Debug|Any CPU
		Release|Any CPU = Release|Any CPU
	EndGlobalSection
	GlobalSection(ProjectConfigurationPlatforms) = postSolution
		{5A3E2987-8407-4D66-8AAF-FE1C209290DB}.Debug|Any CPU.ActiveCfg = Debug|Any CPU
		{5A3E2987-8407-4D66-8AAF-FE1C209290DB}.Debug|Any CPU.Build.0 = Debug|Any CPU
		{5A3E2987-8407-4D66-8AAF-FE1C209290DB}.Release|Any CPU.ActiveCfg = Release|Any CPU
		{5A3E2987-8407-4D66-8AAF-FE1C209290DB}.Release|Any CPU.Build.0 = Release|Any CPU
		{40202038-DE19-49B5-BE4A-DF598A9CC6E5}.Debug|Any CPU.ActiveCfg = Debug|Any CPU
		{40202038-DE19-49B5-BE4A-DF598A9CC6E5}.Debug|Any CPU.Build.0 = Debug|Any CPU
		{40202038-DE19-49B5-BE4A-DF598A9CC6E5}.Release|Any CPU.ActiveCfg = Release|Any CPU
		{40202038-DE19-49B5-BE4A-DF598A9CC6E5}.Release|Any CPU.Build.0 = Release|Any CPU
		{591F86BA-889B-4BDF-AAF1-6D2BEBFAB1B0}.Debug|Any CPU.ActiveCfg = Debug|Any CPU
		{591F86BA-889B-4BDF-AAF1-6D2BEBFAB1B0}.Release|Any CPU.ActiveCfg = Release|Any CPU
		{158D2697-6EC5-4379-8A75-74CE6C07DEFB}.Debug|Any CPU.ActiveCfg = Debug|Any CPU
		{158D2697-6EC5-4379-8A75-74CE6C07DEFB}.Debug|Any CPU.Build.0 = Debug|Any CPU
		{158D2697-6EC5-4379-8A75-74CE6C07DEFB}.Release|Any CPU.ActiveCfg = Release|Any CPU
		{158D2697-6EC5-4379-8A75-74CE6C07DEFB}.Release|Any CPU.Build.0 = Release|Any CPU
	EndGlobalSection
	GlobalSection(SolutionProperties) = preSolution
		HideSolutionNode = FALSE
	EndGlobalSection
	GlobalSection(ExtensibilityGlobals) = postSolution
		SolutionGuid = {6301900E-25BB-45D5-8FE4-2A6E811DA573}
	EndGlobalSection
EndGlobal
